
Microsoft Visual Studio Solution File, Format Version 12.00
# Visual Studio 15
VisualStudioVersion = 15.0.26124.0
MinimumVisualStudioVersion = 15.0.26124.0
Project("{2150E333-8FDC-42A3-9474-1A3956D46DE8}") = "src", "src", "{F5579DDE-76C7-45EB-B847-539870D0C603}"
EndProject
Project("{FAE04EC0-301F-11D3-BF4B-00C04F79EFBC}") = "price.api", "src\price.api\price.api.csproj", "{D926EFA6-66C0-4D48-9CA7-02966025737D}"
EndProject
Project("{2150E333-8FDC-42A3-9474-1A3956D46DE8}") = "test", "test", "{25F6076D-CA6F-4F45-88AC-1EEB25E49DA9}"
EndProject
Project("{FAE04EC0-301F-11D3-BF4B-00C04F79EFBC}") = "price.api.tests", "test\price.api.tests\price.api.tests.csproj", "{72E1A77D-EF48-4B18-BF56-8770ABBE744B}"
EndProject
Global
	GlobalSection(SolutionConfigurationPlatforms) = preSolution
		Debug|Any CPU = Debug|Any CPU
		Debug|x64 = Debug|x64
		Debug|x86 = Debug|x86
		Release|Any CPU = Release|Any CPU
		Release|x64 = Release|x64
		Release|x86 = Release|x86
	EndGlobalSection
	GlobalSection(SolutionProperties) = preSolution
		HideSolutionNode = FALSE
	EndGlobalSection
	GlobalSection(ProjectConfigurationPlatforms) = postSolution
		{D926EFA6-66C0-4D48-9CA7-02966025737D}.Debug|Any CPU.ActiveCfg = Debug|Any CPU
		{D926EFA6-66C0-4D48-9CA7-02966025737D}.Debug|Any CPU.Build.0 = Debug|Any CPU
		{D926EFA6-66C0-4D48-9CA7-02966025737D}.Debug|x64.ActiveCfg = Debug|Any CPU
		{D926EFA6-66C0-4D48-9CA7-02966025737D}.Debug|x64.Build.0 = Debug|Any CPU
		{D926EFA6-66C0-4D48-9CA7-02966025737D}.Debug|x86.ActiveCfg = Debug|Any CPU
		{D926EFA6-66C0-4D48-9CA7-02966025737D}.Debug|x86.Build.0 = Debug|Any CPU
		{D926EFA6-66C0-4D48-9CA7-02966025737D}.Release|Any CPU.ActiveCfg = Release|Any CPU
		{D926EFA6-66C0-4D48-9CA7-02966025737D}.Release|Any CPU.Build.0 = Release|Any CPU
		{D926EFA6-66C0-4D48-9CA7-02966025737D}.Release|x64.ActiveCfg = Release|Any CPU
		{D926EFA6-66C0-4D48-9CA7-02966025737D}.Release|x64.Build.0 = Release|Any CPU
		{D926EFA6-66C0-4D48-9CA7-02966025737D}.Release|x86.ActiveCfg = Release|Any CPU
		{D926EFA6-66C0-4D48-9CA7-02966025737D}.Release|x86.Build.0 = Release|Any CPU
		{72E1A77D-EF48-4B18-BF56-8770ABBE744B}.Debug|Any CPU.ActiveCfg = Debug|Any CPU
		{72E1A77D-EF48-4B18-BF56-8770ABBE744B}.Debug|Any CPU.Build.0 = Debug|Any CPU
		{72E1A77D-EF48-4B18-BF56-8770ABBE744B}.Debug|x64.ActiveCfg = Debug|Any CPU
		{72E1A77D-EF48-4B18-BF56-8770ABBE744B}.Debug|x64.Build.0 = Debug|Any CPU
		{72E1A77D-EF48-4B18-BF56-8770ABBE744B}.Debug|x86.ActiveCfg = Debug|Any CPU
		{72E1A77D-EF48-4B18-BF56-8770ABBE744B}.Debug|x86.Build.0 = Debug|Any CPU
		{72E1A77D-EF48-4B18-BF56-8770ABBE744B}.Release|Any CPU.ActiveCfg = Release|Any CPU
		{72E1A77D-EF48-4B18-BF56-8770ABBE744B}.Release|Any CPU.Build.0 = Release|Any CPU
		{72E1A77D-EF48-4B18-BF56-8770ABBE744B}.Release|x64.ActiveCfg = Release|Any CPU
		{72E1A77D-EF48-4B18-BF56-8770ABBE744B}.Release|x64.Build.0 = Release|Any CPU
		{72E1A77D-EF48-4B18-BF56-8770ABBE744B}.Release|x86.ActiveCfg = Release|Any CPU
		{72E1A77D-EF48-4B18-BF56-8770ABBE744B}.Release|x86.Build.0 = Release|Any CPU
	EndGlobalSection
	GlobalSection(NestedProjects) = preSolution
		{D926EFA6-66C0-4D48-9CA7-02966025737D} = {F5579DDE-76C7-45EB-B847-539870D0C603}
		{72E1A77D-EF48-4B18-BF56-8770ABBE744B} = {25F6076D-CA6F-4F45-88AC-1EEB25E49DA9}
	EndGlobalSection
EndGlobal
