
Microsoft Visual Studio Solution File, Format Version 12.00
# Visual Studio Version 16
VisualStudioVersion = 16.0.30011.22
MinimumVisualStudioVersion = 15.0.26124.0
Project("{2150E333-8FDC-42A3-9474-1A3956D46DE8}") = "src", "src", "{1901744D-25EF-4B12-9C7C-ACC078A5540C}"
EndProject
Project("{9A19103F-16F7-4668-BE54-9A1E7A4F7556}") = "Price.Api", "src\Price.Api\Price.Api.csproj", "{B9B32024-4C03-430C-9DF5-B1ED1C1F36CE}"
EndProject
Project("{9A19103F-16F7-4668-BE54-9A1E7A4F7556}") = "Price.Application", "src\Price.Application\Price.Application.csproj", "{5924E284-1314-4F92-A61F-736D151989C8}"
EndProject
Project("{9A19103F-16F7-4668-BE54-9A1E7A4F7556}") = "Price.Domain", "src\Price.Domain\Price.Domain.csproj", "{5531CB7A-AFBB-4429-997C-5F4C8E3ADF8F}"
EndProject
Project("{9A19103F-16F7-4668-BE54-9A1E7A4F7556}") = "Price.Infra", "src\Price.Infra\Price.Infra.csproj", "{D736816F-9480-4933-B640-53352D8966B3}"
EndProject
Project("{2150E333-8FDC-42A3-9474-1A3956D46DE8}") = "test", "test", "{5ADDF9AA-04AE-4343-BA95-872E92E7A7AB}"
EndProject
Project("{9A19103F-16F7-4668-BE54-9A1E7A4F7556}") = "Price.Api.tests", "test\Price.Api.tests\Price.Api.tests.csproj", "{DF7E27B5-8F38-4719-9F52-EF37E172B63F}"
EndProject
Project("{9A19103F-16F7-4668-BE54-9A1E7A4F7556}") = "Price.Domain.Tests", "test\Price.Domain.Tests\Price.Domain.Tests.csproj", "{77088EDF-28B6-453C-9208-60E5DB3CA927}"
EndProject
Project("{9A19103F-16F7-4668-BE54-9A1E7A4F7556}") = "Price.Test.Common", "test\Price.Test.Common\Price.Test.Common.csproj", "{A4865576-5ED8-4330-806B-AEF0577C5670}"
EndProject
Project("{E53339B2-1760-4266-BCC7-CA923CBCF16C}") = "docker-compose", "docker-compose.dcproj", "{ED27E7EC-39DE-47A8-A135-5CF8030E731A}"
EndProject
Global
	GlobalSection(SolutionConfigurationPlatforms) = preSolution
		Debug|Any CPU = Debug|Any CPU
		Debug|x64 = Debug|x64
		Debug|x86 = Debug|x86
		Release|Any CPU = Release|Any CPU
		Release|x64 = Release|x64
		Release|x86 = Release|x86
	EndGlobalSection
	GlobalSection(ProjectConfigurationPlatforms) = postSolution
		{B9B32024-4C03-430C-9DF5-B1ED1C1F36CE}.Debug|Any CPU.ActiveCfg = Debug|Any CPU
		{B9B32024-4C03-430C-9DF5-B1ED1C1F36CE}.Debug|Any CPU.Build.0 = Debug|Any CPU
		{B9B32024-4C03-430C-9DF5-B1ED1C1F36CE}.Debug|x64.ActiveCfg = Debug|Any CPU
		{B9B32024-4C03-430C-9DF5-B1ED1C1F36CE}.Debug|x64.Build.0 = Debug|Any CPU
		{B9B32024-4C03-430C-9DF5-B1ED1C1F36CE}.Debug|x86.ActiveCfg = Debug|Any CPU
		{B9B32024-4C03-430C-9DF5-B1ED1C1F36CE}.Debug|x86.Build.0 = Debug|Any CPU
		{B9B32024-4C03-430C-9DF5-B1ED1C1F36CE}.Release|Any CPU.ActiveCfg = Release|Any CPU
		{B9B32024-4C03-430C-9DF5-B1ED1C1F36CE}.Release|Any CPU.Build.0 = Release|Any CPU
		{B9B32024-4C03-430C-9DF5-B1ED1C1F36CE}.Release|x64.ActiveCfg = Release|Any CPU
		{B9B32024-4C03-430C-9DF5-B1ED1C1F36CE}.Release|x64.Build.0 = Release|Any CPU
		{B9B32024-4C03-430C-9DF5-B1ED1C1F36CE}.Release|x86.ActiveCfg = Release|Any CPU
		{B9B32024-4C03-430C-9DF5-B1ED1C1F36CE}.Release|x86.Build.0 = Release|Any CPU
		{5924E284-1314-4F92-A61F-736D151989C8}.Debug|Any CPU.ActiveCfg = Debug|Any CPU
		{5924E284-1314-4F92-A61F-736D151989C8}.Debug|Any CPU.Build.0 = Debug|Any CPU
		{5924E284-1314-4F92-A61F-736D151989C8}.Debug|x64.ActiveCfg = Debug|Any CPU
		{5924E284-1314-4F92-A61F-736D151989C8}.Debug|x64.Build.0 = Debug|Any CPU
		{5924E284-1314-4F92-A61F-736D151989C8}.Debug|x86.ActiveCfg = Debug|Any CPU
		{5924E284-1314-4F92-A61F-736D151989C8}.Debug|x86.Build.0 = Debug|Any CPU
		{5924E284-1314-4F92-A61F-736D151989C8}.Release|Any CPU.ActiveCfg = Release|Any CPU
		{5924E284-1314-4F92-A61F-736D151989C8}.Release|Any CPU.Build.0 = Release|Any CPU
		{5924E284-1314-4F92-A61F-736D151989C8}.Release|x64.ActiveCfg = Release|Any CPU
		{5924E284-1314-4F92-A61F-736D151989C8}.Release|x64.Build.0 = Release|Any CPU
		{5924E284-1314-4F92-A61F-736D151989C8}.Release|x86.ActiveCfg = Release|Any CPU
		{5924E284-1314-4F92-A61F-736D151989C8}.Release|x86.Build.0 = Release|Any CPU
		{5531CB7A-AFBB-4429-997C-5F4C8E3ADF8F}.Debug|Any CPU.ActiveCfg = Debug|Any CPU
		{5531CB7A-AFBB-4429-997C-5F4C8E3ADF8F}.Debug|Any CPU.Build.0 = Debug|Any CPU
		{5531CB7A-AFBB-4429-997C-5F4C8E3ADF8F}.Debug|x64.ActiveCfg = Debug|Any CPU
		{5531CB7A-AFBB-4429-997C-5F4C8E3ADF8F}.Debug|x64.Build.0 = Debug|Any CPU
		{5531CB7A-AFBB-4429-997C-5F4C8E3ADF8F}.Debug|x86.ActiveCfg = Debug|Any CPU
		{5531CB7A-AFBB-4429-997C-5F4C8E3ADF8F}.Debug|x86.Build.0 = Debug|Any CPU
		{5531CB7A-AFBB-4429-997C-5F4C8E3ADF8F}.Release|Any CPU.ActiveCfg = Release|Any CPU
		{5531CB7A-AFBB-4429-997C-5F4C8E3ADF8F}.Release|Any CPU.Build.0 = Release|Any CPU
		{5531CB7A-AFBB-4429-997C-5F4C8E3ADF8F}.Release|x64.ActiveCfg = Release|Any CPU
		{5531CB7A-AFBB-4429-997C-5F4C8E3ADF8F}.Release|x64.Build.0 = Release|Any CPU
		{5531CB7A-AFBB-4429-997C-5F4C8E3ADF8F}.Release|x86.ActiveCfg = Release|Any CPU
		{5531CB7A-AFBB-4429-997C-5F4C8E3ADF8F}.Release|x86.Build.0 = Release|Any CPU
		{D736816F-9480-4933-B640-53352D8966B3}.Debug|Any CPU.ActiveCfg = Debug|Any CPU
		{D736816F-9480-4933-B640-53352D8966B3}.Debug|Any CPU.Build.0 = Debug|Any CPU
		{D736816F-9480-4933-B640-53352D8966B3}.Debug|x64.ActiveCfg = Debug|Any CPU
		{D736816F-9480-4933-B640-53352D8966B3}.Debug|x64.Build.0 = Debug|Any CPU
		{D736816F-9480-4933-B640-53352D8966B3}.Debug|x86.ActiveCfg = Debug|Any CPU
		{D736816F-9480-4933-B640-53352D8966B3}.Debug|x86.Build.0 = Debug|Any CPU
		{D736816F-9480-4933-B640-53352D8966B3}.Release|Any CPU.ActiveCfg = Release|Any CPU
		{D736816F-9480-4933-B640-53352D8966B3}.Release|Any CPU.Build.0 = Release|Any CPU
		{D736816F-9480-4933-B640-53352D8966B3}.Release|x64.ActiveCfg = Release|Any CPU
		{D736816F-9480-4933-B640-53352D8966B3}.Release|x64.Build.0 = Release|Any CPU
		{D736816F-9480-4933-B640-53352D8966B3}.Release|x86.ActiveCfg = Release|Any CPU
		{D736816F-9480-4933-B640-53352D8966B3}.Release|x86.Build.0 = Release|Any CPU
		{DF7E27B5-8F38-4719-9F52-EF37E172B63F}.Debug|Any CPU.ActiveCfg = Debug|Any CPU
		{DF7E27B5-8F38-4719-9F52-EF37E172B63F}.Debug|Any CPU.Build.0 = Debug|Any CPU
		{DF7E27B5-8F38-4719-9F52-EF37E172B63F}.Debug|x64.ActiveCfg = Debug|Any CPU
		{DF7E27B5-8F38-4719-9F52-EF37E172B63F}.Debug|x64.Build.0 = Debug|Any CPU
		{DF7E27B5-8F38-4719-9F52-EF37E172B63F}.Debug|x86.ActiveCfg = Debug|Any CPU
		{DF7E27B5-8F38-4719-9F52-EF37E172B63F}.Debug|x86.Build.0 = Debug|Any CPU
		{DF7E27B5-8F38-4719-9F52-EF37E172B63F}.Release|Any CPU.ActiveCfg = Release|Any CPU
		{DF7E27B5-8F38-4719-9F52-EF37E172B63F}.Release|Any CPU.Build.0 = Release|Any CPU
		{DF7E27B5-8F38-4719-9F52-EF37E172B63F}.Release|x64.ActiveCfg = Release|Any CPU
		{DF7E27B5-8F38-4719-9F52-EF37E172B63F}.Release|x64.Build.0 = Release|Any CPU
		{DF7E27B5-8F38-4719-9F52-EF37E172B63F}.Release|x86.ActiveCfg = Release|Any CPU
		{DF7E27B5-8F38-4719-9F52-EF37E172B63F}.Release|x86.Build.0 = Release|Any CPU
		{77088EDF-28B6-453C-9208-60E5DB3CA927}.Debug|Any CPU.ActiveCfg = Debug|Any CPU
		{77088EDF-28B6-453C-9208-60E5DB3CA927}.Debug|Any CPU.Build.0 = Debug|Any CPU
		{77088EDF-28B6-453C-9208-60E5DB3CA927}.Debug|x64.ActiveCfg = Debug|Any CPU
		{77088EDF-28B6-453C-9208-60E5DB3CA927}.Debug|x64.Build.0 = Debug|Any CPU
		{77088EDF-28B6-453C-9208-60E5DB3CA927}.Debug|x86.ActiveCfg = Debug|Any CPU
		{77088EDF-28B6-453C-9208-60E5DB3CA927}.Debug|x86.Build.0 = Debug|Any CPU
		{77088EDF-28B6-453C-9208-60E5DB3CA927}.Release|Any CPU.ActiveCfg = Release|Any CPU
		{77088EDF-28B6-453C-9208-60E5DB3CA927}.Release|Any CPU.Build.0 = Release|Any CPU
		{77088EDF-28B6-453C-9208-60E5DB3CA927}.Release|x64.ActiveCfg = Release|Any CPU
		{77088EDF-28B6-453C-9208-60E5DB3CA927}.Release|x64.Build.0 = Release|Any CPU
		{77088EDF-28B6-453C-9208-60E5DB3CA927}.Release|x86.ActiveCfg = Release|Any CPU
		{77088EDF-28B6-453C-9208-60E5DB3CA927}.Release|x86.Build.0 = Release|Any CPU
		{A4865576-5ED8-4330-806B-AEF0577C5670}.Debug|Any CPU.ActiveCfg = Debug|Any CPU
		{A4865576-5ED8-4330-806B-AEF0577C5670}.Debug|Any CPU.Build.0 = Debug|Any CPU
		{A4865576-5ED8-4330-806B-AEF0577C5670}.Debug|x64.ActiveCfg = Debug|Any CPU
		{A4865576-5ED8-4330-806B-AEF0577C5670}.Debug|x64.Build.0 = Debug|Any CPU
		{A4865576-5ED8-4330-806B-AEF0577C5670}.Debug|x86.ActiveCfg = Debug|Any CPU
		{A4865576-5ED8-4330-806B-AEF0577C5670}.Debug|x86.Build.0 = Debug|Any CPU
		{A4865576-5ED8-4330-806B-AEF0577C5670}.Release|Any CPU.ActiveCfg = Release|Any CPU
		{A4865576-5ED8-4330-806B-AEF0577C5670}.Release|Any CPU.Build.0 = Release|Any CPU
		{A4865576-5ED8-4330-806B-AEF0577C5670}.Release|x64.ActiveCfg = Release|Any CPU
		{A4865576-5ED8-4330-806B-AEF0577C5670}.Release|x64.Build.0 = Release|Any CPU
		{A4865576-5ED8-4330-806B-AEF0577C5670}.Release|x86.ActiveCfg = Release|Any CPU
		{A4865576-5ED8-4330-806B-AEF0577C5670}.Release|x86.Build.0 = Release|Any CPU
		{ED27E7EC-39DE-47A8-A135-5CF8030E731A}.Debug|Any CPU.ActiveCfg = Debug|Any CPU
		{ED27E7EC-39DE-47A8-A135-5CF8030E731A}.Debug|Any CPU.Build.0 = Debug|Any CPU
		{ED27E7EC-39DE-47A8-A135-5CF8030E731A}.Debug|x64.ActiveCfg = Debug|Any CPU
		{ED27E7EC-39DE-47A8-A135-5CF8030E731A}.Debug|x64.Build.0 = Debug|Any CPU
		{ED27E7EC-39DE-47A8-A135-5CF8030E731A}.Debug|x86.ActiveCfg = Debug|Any CPU
		{ED27E7EC-39DE-47A8-A135-5CF8030E731A}.Debug|x86.Build.0 = Debug|Any CPU
		{ED27E7EC-39DE-47A8-A135-5CF8030E731A}.Release|Any CPU.ActiveCfg = Release|Any CPU
		{ED27E7EC-39DE-47A8-A135-5CF8030E731A}.Release|Any CPU.Build.0 = Release|Any CPU
		{ED27E7EC-39DE-47A8-A135-5CF8030E731A}.Release|x64.ActiveCfg = Release|Any CPU
		{ED27E7EC-39DE-47A8-A135-5CF8030E731A}.Release|x64.Build.0 = Release|Any CPU
		{ED27E7EC-39DE-47A8-A135-5CF8030E731A}.Release|x86.ActiveCfg = Release|Any CPU
		{ED27E7EC-39DE-47A8-A135-5CF8030E731A}.Release|x86.Build.0 = Release|Any CPU
	EndGlobalSection
	GlobalSection(SolutionProperties) = preSolution
		HideSolutionNode = FALSE
	EndGlobalSection
	GlobalSection(NestedProjects) = preSolution
		{B9B32024-4C03-430C-9DF5-B1ED1C1F36CE} = {1901744D-25EF-4B12-9C7C-ACC078A5540C}
		{5924E284-1314-4F92-A61F-736D151989C8} = {1901744D-25EF-4B12-9C7C-ACC078A5540C}
		{5531CB7A-AFBB-4429-997C-5F4C8E3ADF8F} = {1901744D-25EF-4B12-9C7C-ACC078A5540C}
		{D736816F-9480-4933-B640-53352D8966B3} = {1901744D-25EF-4B12-9C7C-ACC078A5540C}
		{DF7E27B5-8F38-4719-9F52-EF37E172B63F} = {5ADDF9AA-04AE-4343-BA95-872E92E7A7AB}
		{77088EDF-28B6-453C-9208-60E5DB3CA927} = {5ADDF9AA-04AE-4343-BA95-872E92E7A7AB}
		{A4865576-5ED8-4330-806B-AEF0577C5670} = {5ADDF9AA-04AE-4343-BA95-872E92E7A7AB}
	EndGlobalSection
	GlobalSection(ExtensibilityGlobals) = postSolution
		SolutionGuid = {DB2280B4-47FE-4622-867D-C9F61554E008}
	EndGlobalSection
EndGlobal
